{
  "name": "ai-driven-testing",
  "version": "1.0.0",
  "lockfileVersion": 3,
  "requires": true,
  "packages": {
    "": {
      "name": "ai-driven-testing",
      "version": "1.0.0",
      "license": "MIT",
      "devDependencies": {
        "@playwright/cli": "0.1.19",
        "@playwright/test": "1.64.0-alpha-2026-09-04",
        "@types/node": "^24.10.1",
        "dotenv": "^17.2.3",
        "typescript": "^5.9.3"
      },
      "engines": {
        "node": ">=20"
      }
    },
    "node_modules/@playwright/cli": {
      "version": "0.1.19",
      "resolved": "https://registry.npmjs.org/@playwright/cli/-/cli-0.1.19.tgz",
      "integrity": "sha512-eGXIsYa5D+dC6wHGf+9uEislhPGip1djK+yiNAD7BVsXN3WzzR1J4ClFAhYhyu7wSEFqhcPrqXAYeBJF1dKJ7A==",
      "dev": true,
      "license": "Apache-2.0",
      "dependencies": {
        "playwright": "1.63.0-alpha-2026-08-31",
        "playwright-core": "1.63.0-alpha-2026-08-31"
      },
      "bin": {
        "playwright-cli": "playwright-cli.js"
      },
      "engines": {
        "node": ">=18"
      }
    },
    "node_modules/@playwright/test": {
      "version": "1.64.0-alpha-2026-09-04",
      "resolved": "https://registry.npmjs.org/@playwright/test/-/test-1.64.0-alpha-2026-09-04.tgz",
      "integrity": "sha512-paRyKZSZDtn71iI93sx+t7Pq0PJ2zKtHfD6GGApulZ2f7KOdXbAoMMhdJzxfsbPSq8e+P+fgv19WiVaxJkxREw==",
      "dev": true,
      "license": "Apache-2.0",
      "dependencies": {
        "playwright": "1.64.0-alpha-2026-09-04"
      },
      "bin": {
        "playwright": "cli.js"
      },
      "engines": {
        "node": ">=20"
      }
    },
    "node_modules/@playwright/test/node_modules/playwright": {
      "version": "1.64.0-alpha-2026-09-04",
      "resolved": "https://registry.npmjs.org/playwright/-/playwright-1.64.0-alpha-2026-09-04.tgz",
      "integrity": "sha512-U8r8UlTqD6hkOmJI5qMY33osePGQ7KYizMqD75S0pMP42ysdFcDmLOwcHHIEVP9KIdcYVgG01BnCd0VvKuzztQ==",
      "dev": true,
      "license": "Apache-2.0",
      "dependencies": {
        "playwright-core": "1.64.0-alpha-2026-09-04"
      },
      "bin": {
        "playwright": "cli.js"
      },
      "engines": {
        "node": ">=20"
      }
    },
    "node_modules/@playwright/test/node_modules/playwright-core": {
      "version": "1.64.0-alpha-2026-09-04",
      "resolved": "https://registry.npmjs.org/playwright-core/-/playwright-core-1.64.0-alpha-2026-09-04.tgz",
      "integrity": "sha512-PkqRmWNHRE/guwg2afal7uZXceHfhLGdFKf1xN40lLIOWfKUdKJbJ9rwL0q/W4pRtJbZBFnUORwpm9qGTcY68g==",
      "dev": true,
      "license": "Apache-2.0",
      "bin": {
        "playwright-core": "cli.js"
      },
      "engines": {
        "node": ">=20"
      }
    },
    "node_modules/@types/node": {
      "version": "24.10.1",
      "resolved": "https://registry.npmjs.org/@types/node/-/node-24.10.1.tgz",
      "integrity": "sha512-GNWcUTRBgIRJD5zj+Tq0fKOJ5XZajIiBroOF0yvj2bSU1WvNdYS/dn9UxwsujGW4JX06dnHyjV2y9rRaybH0iQ==",
      "dev": true,
      "license": "MIT",
      "dependencies": {
        "undici-types": "~7.16.0"
      }
    },
    "node_modules/dotenv": {
      "version": "17.2.3",
      "resolved": "https://registry.npmjs.org/dotenv/-/dotenv-17.2.3.tgz",
      "integrity": "sha512-JVUnt+DUIzu87TABbhPmNfVdBDt18BLOWjMUFJMSi/Qqg7NTYtabbvSNJGOJ7afbRuv9D/lngizHtP7QyLQ+9w==",
      "dev": true,
      "license": "BSD-2-Clause",
      "engines": {
        "node": ">=12"
      },
      "funding": {
        "url": "https://dotenvx.com"
      }
    },
    "node_modules/playwright": {
      "version": "1.63.0-alpha-2026-08-31",
      "resolved": "https://registry.npmjs.org/playwright/-/playwright-1.63.0-alpha-2026-08-31.tgz",
      "integrity": "sha512-3XAsuznfu8jBVJ4QxdGvBkt0+b8ZFwuwJYyOfiIw5ZjUOrNLNRhKxzLzLuydou3gJ9c6eMwVqgzdiOwhy54Kzw==",
      "dev": true,
      "license": "Apache-2.0",
      "dependencies": {
        "playwright-core": "1.63.0-alpha-2026-08-31"
      },
      "bin": {
        "playwright": "cli.js"
      },
      "engines": {
        "node": ">=20"
      }
    },
    "node_modules/playwright-core": {
      "version": "1.63.0-alpha-2026-08-31",
      "resolved": "https://registry.npmjs.org/playwright-core/-/playwright-core-1.63.0-alpha-2026-08-31.tgz",
      "integrity": "sha512-1ek0Lyr12h6jcs/WTcNoVtzZkQp7D/90PsMuBW/Rm6h3AsWAbzpqj0geMv8+8Tzzr9CSUYvg9kznrVZINQMXXw==",
      "dev": true,
      "license": "Apache-2.0",
      "bin": {
        "playwright-core": "cli.js"
      },
      "engines": {
        "node": ">=20"
      }
    },
    "node_modules/typescript": {
      "version": "5.9.3",
      "resolved": "https://registry.npmjs.org/typescript/-/typescript-5.9.3.tgz",
      "integrity": "sha512-jl1vZzPDinLr9eUt3J/t7V6FgNEw9QjvBPdysz9KfQDD41fQrC2Y4vKQdiaUpFT4bXlb1RHhLpp8wtm6M5TgSw==",
      "dev": true,
      "license": "Apache-2.0",
      "bin": {
        "tsc": "bin/tsc",
        "tsserver": "bin/tsserver"
      },
      "engines": {
        "node": ">=14.17"
      }
    },
    "node_modules/undici-types": {
      "version": "7.16.0",
      "resolved": "https://registry.npmjs.org/undici-types/-/undici-types-7.16.0.tgz",
      "integrity": "sha512-Zz+aZWSj8LE6zoxD+xrjh4VfkIG8Ya6LvYkZqtUQGJPZjYl53ypCaUwWqo7eI0x66KBGeRo+mlBEkMSeSZ38Nw==",
      "dev": true,
      "license": "MIT"
    }
  }
}
